
Microsoft Visual Studio Solution File, Format Version 12.00
# Visual Studio Version 17
VisualStudioVersion = 17.0.31903.59
MinimumVisualStudioVersion = 10.0.40219.1
Project("{9A19103F-16F7-4668-BE54-9A1E7A4F7556}") = "maa.signing.tool", "maa.signing.tool.csproj", "{D6C0E73A-91A3-4C95-95E6-237055B95585}"
EndProject
Global
	GlobalSection(SolutionConfigurationPlatforms) = preSolution
		Debug|Any CPU = Debug|Any CPU
		Release|Any CPU = Release|Any CPU
	EndGlobalSection
	GlobalSection(ProjectConfigurationPlatforms) = postSolution
		{D6C0E73A-91A3-4C95-95E6-237055B95585}.Debug|Any CPU.ActiveCfg = Debug|Any CPU
		{D6C0E73A-91A3-4C95-95E6-237055B95585}.Debug|Any CPU.Build.0 = Debug|Any CPU
		{D6C0E73A-91A3-4C95-95E6-237055B95585}.Release|Any CPU.ActiveCfg = Release|Any CPU
		{D6C0E73A-91A3-4C95-95E6-237055B95585}.Release|Any CPU.Build.0 = Release|Any CPU
	EndGlobalSection
	GlobalSection(SolutionProperties) = preSolution
		HideSolutionNode = FALSE
	EndGlobalSection
	GlobalSection(ExtensibilityGlobals) = postSolution
		SolutionGuid = {AC41F236-CA9F-4D62-AE71-C87FD0BE1DD7}
	EndGlobalSection
EndGlobal
